
Microsoft Visual Studio Solution File, Format Version 12.00
# Visual Studio Version 17
VisualStudioVersion = 17.4.33213.308
MinimumVisualStudioVersion = 10.0.40219.1
Project("{FAE04EC0-301F-11D3-BF4B-00C04F79EFBC}") = "TodeaAndreeaIuliana_Medii", "TodeaAndreeaIuliana_Medii.csproj", "{17D6A9CD-4CAA-4A93-9172-36EC149FC833}"
EndProject
Global
	GlobalSection(SolutionConfigurationPlatforms) = preSolution
		Debug|Any CPU = Debug|Any CPU
		Release|Any CPU = Release|Any CPU
	EndGlobalSection
	GlobalSection(ProjectConfigurationPlatforms) = postSolution
		{17D6A9CD-4CAA-4A93-9172-36EC149FC833}.Debug|Any CPU.ActiveCfg = Debug|Any CPU
		{17D6A9CD-4CAA-4A93-9172-36EC149FC833}.Debug|Any CPU.Build.0 = Debug|Any CPU
		{17D6A9CD-4CAA-4A93-9172-36EC149FC833}.Release|Any CPU.ActiveCfg = Release|Any CPU
		{17D6A9CD-4CAA-4A93-9172-36EC149FC833}.Release|Any CPU.Build.0 = Release|Any CPU
	EndGlobalSection
	GlobalSection(SolutionProperties) = preSolution
		HideSolutionNode = FALSE
	EndGlobalSection
	GlobalSection(ExtensibilityGlobals) = postSolution
		SolutionGuid = {DD9849E0-D37B-4B5D-A7A6-F213E633AFA3}
	EndGlobalSection
EndGlobal
